
Microsoft Visual Studio Solution File, Format Version 12.00
# Visual Studio 2012
Project("{FAE04EC0-301F-11D3-BF4B-00C04F79EFBC}") = "Disruptor-net.Metrics", "Disruptor-net.Metrics\Disruptor-net.Metrics.csproj", "{B55C90A7-C29D-4C35-B861-959A539F2EE3}"
EndProject
Project("{FAE04EC0-301F-11D3-BF4B-00C04F79EFBC}") = "DisruptorMetricsDemo", "DisruptorMetricsDemo\DisruptorMetricsDemo.csproj", "{A2B321F6-3CAC-4BBE-9FB5-8145803BAE27}"
EndProject
Project("{FAE04EC0-301F-11D3-BF4B-00C04F79EFBC}") = "Disruptor-net.MetricsTests", "Disruptor-net.Tests\Disruptor-net.MetricsTests.csproj", "{83D20069-7A7E-4DF1-B659-7DC3EEB60B9D}"
EndProject
Global
	GlobalSection(SolutionConfigurationPlatforms) = preSolution
		Debug|Any CPU = Debug|Any CPU
		Release|Any CPU = Release|Any CPU
	EndGlobalSection
	GlobalSection(ProjectConfigurationPlatforms) = postSolution
		{B55C90A7-C29D-4C35-B861-959A539F2EE3}.Debug|Any CPU.ActiveCfg = Debug|Any CPU
		{B55C90A7-C29D-4C35-B861-959A539F2EE3}.Debug|Any CPU.Build.0 = Debug|Any CPU
		{B55C90A7-C29D-4C35-B861-959A539F2EE3}.Release|Any CPU.ActiveCfg = Release|Any CPU
		{B55C90A7-C29D-4C35-B861-959A539F2EE3}.Release|Any CPU.Build.0 = Release|Any CPU
		{A2B321F6-3CAC-4BBE-9FB5-8145803BAE27}.Debug|Any CPU.ActiveCfg = Debug|Any CPU
		{A2B321F6-3CAC-4BBE-9FB5-8145803BAE27}.Debug|Any CPU.Build.0 = Debug|Any CPU
		{A2B321F6-3CAC-4BBE-9FB5-8145803BAE27}.Release|Any CPU.ActiveCfg = Release|Any CPU
		{A2B321F6-3CAC-4BBE-9FB5-8145803BAE27}.Release|Any CPU.Build.0 = Release|Any CPU
		{83D20069-7A7E-4DF1-B659-7DC3EEB60B9D}.Debug|Any CPU.ActiveCfg = Debug|Any CPU
		{83D20069-7A7E-4DF1-B659-7DC3EEB60B9D}.Debug|Any CPU.Build.0 = Debug|Any CPU
		{83D20069-7A7E-4DF1-B659-7DC3EEB60B9D}.Release|Any CPU.ActiveCfg = Release|Any CPU
		{83D20069-7A7E-4DF1-B659-7DC3EEB60B9D}.Release|Any CPU.Build.0 = Release|Any CPU
	EndGlobalSection
	GlobalSection(SolutionProperties) = preSolution
		HideSolutionNode = FALSE
	EndGlobalSection
EndGlobal
